
Microsoft Visual Studio Solution File, Format Version 12.00
# Visual Studio 15
Project("{FAE04EC0-301F-11D3-BF4B-00C04F79EFBC}") = "sortalgorithm-bubblesort", "sortalgorithm-bubblesort.csproj", "{65B492B8-3E9D-4A72-A0F2-2778DAC9ED87}"
EndProject
Global
	GlobalSection(SolutionConfigurationPlatforms) = preSolution
		Debug|Any CPU = Debug|Any CPU
		Release|Any CPU = Release|Any CPU
	EndGlobalSection
	GlobalSection(ProjectConfigurationPlatforms) = postSolution
		{65B492B8-3E9D-4A72-A0F2-2778DAC9ED87}.Debug|Any CPU.ActiveCfg = Debug|Any CPU
		{65B492B8-3E9D-4A72-A0F2-2778DAC9ED87}.Debug|Any CPU.Build.0 = Debug|Any CPU
		{65B492B8-3E9D-4A72-A0F2-2778DAC9ED87}.Release|Any CPU.ActiveCfg = Release|Any CPU
		{65B492B8-3E9D-4A72-A0F2-2778DAC9ED87}.Release|Any CPU.Build.0 = Release|Any CPU
	EndGlobalSection
EndGlobal
