
Microsoft Visual Studio Solution File, Format Version 12.00
# Visual Studio 15
Project("{FAE04EC0-301F-11D3-BF4B-00C04F79EFBC}") = "unknownalgorithm-2", "unknownalgorithm-2.csproj", "{C3A46EF9-E99F-477E-B8DD-AE4461496435}"
EndProject
Global
	GlobalSection(SolutionConfigurationPlatforms) = preSolution
		Debug|Any CPU = Debug|Any CPU
		Release|Any CPU = Release|Any CPU
	EndGlobalSection
	GlobalSection(ProjectConfigurationPlatforms) = postSolution
		{C3A46EF9-E99F-477E-B8DD-AE4461496435}.Debug|Any CPU.ActiveCfg = Debug|Any CPU
		{C3A46EF9-E99F-477E-B8DD-AE4461496435}.Debug|Any CPU.Build.0 = Debug|Any CPU
		{C3A46EF9-E99F-477E-B8DD-AE4461496435}.Release|Any CPU.ActiveCfg = Release|Any CPU
		{C3A46EF9-E99F-477E-B8DD-AE4461496435}.Release|Any CPU.Build.0 = Release|Any CPU
	EndGlobalSection
EndGlobal
