
Microsoft Visual Studio Solution File, Format Version 12.00
# Visual Studio 15
Project("{FAE04EC0-301F-11D3-BF4B-00C04F79EFBC}") = "searchalgorithm-arraycomplexsearch", "searchalgorithm-arraycomplexsearch\searchalgorithm-arraycomplexsearch.csproj", "{61500760-A200-4770-9D13-14A9319D1225}"
EndProject
Global
	GlobalSection(SolutionConfigurationPlatforms) = preSolution
		Debug|Any CPU = Debug|Any CPU
		Release|Any CPU = Release|Any CPU
	EndGlobalSection
	GlobalSection(ProjectConfigurationPlatforms) = postSolution
		{61500760-A200-4770-9D13-14A9319D1225}.Debug|Any CPU.ActiveCfg = Debug|Any CPU
		{61500760-A200-4770-9D13-14A9319D1225}.Debug|Any CPU.Build.0 = Debug|Any CPU
		{61500760-A200-4770-9D13-14A9319D1225}.Release|Any CPU.ActiveCfg = Release|Any CPU
		{61500760-A200-4770-9D13-14A9319D1225}.Release|Any CPU.Build.0 = Release|Any CPU
	EndGlobalSection
EndGlobal
