
Microsoft Visual Studio Solution File, Format Version 12.00
# Visual Studio 15
Project("{FAE04EC0-301F-11D3-BF4B-00C04F79EFBC}") = "hashalgorithm", "hashalgorithm\hashalgorithm.csproj", "{39C3C9C0-44A3-47BB-AF11-20C3CB7FCEAB}"
EndProject
Global
	GlobalSection(SolutionConfigurationPlatforms) = preSolution
		Debug|Any CPU = Debug|Any CPU
		Release|Any CPU = Release|Any CPU
	EndGlobalSection
	GlobalSection(ProjectConfigurationPlatforms) = postSolution
		{39C3C9C0-44A3-47BB-AF11-20C3CB7FCEAB}.Debug|Any CPU.ActiveCfg = Debug|Any CPU
		{39C3C9C0-44A3-47BB-AF11-20C3CB7FCEAB}.Debug|Any CPU.Build.0 = Debug|Any CPU
		{39C3C9C0-44A3-47BB-AF11-20C3CB7FCEAB}.Release|Any CPU.ActiveCfg = Release|Any CPU
		{39C3C9C0-44A3-47BB-AF11-20C3CB7FCEAB}.Release|Any CPU.Build.0 = Release|Any CPU
	EndGlobalSection
EndGlobal
